PODS:
  - LYMovieMake (0.0.3):
    - LYMovieMake/classes (= 0.0.3)
  - LYMovieMake/classes (0.0.3)

DEPENDENCIES:
  - LYMovieMake (from `./LYMovieMake.podspec`)

EXTERNAL SOURCES:
  LYMovieMake:
    :podspec: ./LYMovieMake.podspec

SPEC CHECKSUMS:
  LYMovieMake: 81b1b7ae189c2b8c0111f999575eb3bf10e9031a

PODFILE CHECKSUM: 121aeaf3f81d648039df877e34b945d7e7c98440

COCOAPODS: 1.3.1
